
Microsoft Visual Studio Solution File, Format Version 12.00
# Visual Studio Version 17
VisualStudioVersion = 17.4.33122.133
MinimumVisualStudioVersion = 10.0.40219.1
Project("{FAE04EC0-301F-11D3-BF4B-00C04F79EFBC}") = "GbSOSDbConnect", "GbSOSDbConnect\GbSOSDbConnect.csproj", "{89733662-943F-40F2-AB5B-1BD988783F12}"
EndProject
Global
	GlobalSection(SolutionConfigurationPlatforms) = preSolution
		Debug|Any CPU = Debug|Any CPU
		Release|Any CPU = Release|Any CPU
	EndGlobalSection
	GlobalSection(ProjectConfigurationPlatforms) = postSolution
		{89733662-943F-40F2-AB5B-1BD988783F12}.Debug|Any CPU.ActiveCfg = Debug|Any CPU
		{89733662-943F-40F2-AB5B-1BD988783F12}.Debug|Any CPU.Build.0 = Debug|Any CPU
		{89733662-943F-40F2-AB5B-1BD988783F12}.Release|Any CPU.ActiveCfg = Release|Any CPU
		{89733662-943F-40F2-AB5B-1BD988783F12}.Release|Any CPU.Build.0 = Release|Any CPU
	EndGlobalSection
	GlobalSection(SolutionProperties) = preSolution
		HideSolutionNode = FALSE
	EndGlobalSection
	GlobalSection(ExtensibilityGlobals) = postSolution
		SolutionGuid = {337FC268-2844-4B46-81FE-CDCCB14C3AA5}
	EndGlobalSection
EndGlobal
